
Microsoft Visual Studio Solution File, Format Version 12.00
# Visual Studio Version 17
VisualStudioVersion = 17.11.35222.181
MinimumVisualStudioVersion = 10.0.40219.1
Project("{9A19103F-16F7-4668-BE54-9A1E7A4F7556}") = "lib_repositorios", "lib_repositorios\lib_repositorios.csproj", "{8874284E-4F38-4A04-A136-401A2BFC83C6}"
EndProject
Project("{9A19103F-16F7-4668-BE54-9A1E7A4F7556}") = "lib_entidades", "lib_entidades\lib_entidades.csproj", "{784878CD-8EB4-4901-93FA-85AFC992FA2F}"
EndProject
Project("{9A19103F-16F7-4668-BE54-9A1E7A4F7556}") = "mst_pruebas", "mst_pruebas\mst_pruebas.csproj", "{9601BE0C-A79F-4E61-82F8-6BED55A139FC}"
EndProject
Project("{9A19103F-16F7-4668-BE54-9A1E7A4F7556}") = "asp_presentacion", "asp_presentacion\asp_presentacion.csproj", "{417E82AB-271B-4B18-B7DA-0D10A3C81773}"
EndProject
Project("{9A19103F-16F7-4668-BE54-9A1E7A4F7556}") = "lib_aplicaciones", "lib_aplicaciones\lib_aplicaciones.csproj", "{041C9917-4521-40F8-83D0-C818601B12FA}"
EndProject
Global
	GlobalSection(SolutionConfigurationPlatforms) = preSolution
		Debug|Any CPU = Debug|Any CPU
		Release|Any CPU = Release|Any CPU
	EndGlobalSection
	GlobalSection(ProjectConfigurationPlatforms) = postSolution
		{8874284E-4F38-4A04-A136-401A2BFC83C6}.Debug|Any CPU.ActiveCfg = Debug|Any CPU
		{8874284E-4F38-4A04-A136-401A2BFC83C6}.Debug|Any CPU.Build.0 = Debug|Any CPU
		{8874284E-4F38-4A04-A136-401A2BFC83C6}.Release|Any CPU.ActiveCfg = Release|Any CPU
		{8874284E-4F38-4A04-A136-401A2BFC83C6}.Release|Any CPU.Build.0 = Release|Any CPU
		{784878CD-8EB4-4901-93FA-85AFC992FA2F}.Debug|Any CPU.ActiveCfg = Debug|Any CPU
		{784878CD-8EB4-4901-93FA-85AFC992FA2F}.Debug|Any CPU.Build.0 = Debug|Any CPU
		{784878CD-8EB4-4901-93FA-85AFC992FA2F}.Release|Any CPU.ActiveCfg = Release|Any CPU
		{784878CD-8EB4-4901-93FA-85AFC992FA2F}.Release|Any CPU.Build.0 = Release|Any CPU
		{9601BE0C-A79F-4E61-82F8-6BED55A139FC}.Debug|Any CPU.ActiveCfg = Debug|Any CPU
		{9601BE0C-A79F-4E61-82F8-6BED55A139FC}.Debug|Any CPU.Build.0 = Debug|Any CPU
		{9601BE0C-A79F-4E61-82F8-6BED55A139FC}.Release|Any CPU.ActiveCfg = Release|Any CPU
		{9601BE0C-A79F-4E61-82F8-6BED55A139FC}.Release|Any CPU.Build.0 = Release|Any CPU
		{417E82AB-271B-4B18-B7DA-0D10A3C81773}.Debug|Any CPU.ActiveCfg = Debug|Any CPU
		{417E82AB-271B-4B18-B7DA-0D10A3C81773}.Debug|Any CPU.Build.0 = Debug|Any CPU
		{417E82AB-271B-4B18-B7DA-0D10A3C81773}.Release|Any CPU.ActiveCfg = Release|Any CPU
		{417E82AB-271B-4B18-B7DA-0D10A3C81773}.Release|Any CPU.Build.0 = Release|Any CPU
		{041C9917-4521-40F8-83D0-C818601B12FA}.Debug|Any CPU.ActiveCfg = Debug|Any CPU
		{041C9917-4521-40F8-83D0-C818601B12FA}.Debug|Any CPU.Build.0 = Debug|Any CPU
		{041C9917-4521-40F8-83D0-C818601B12FA}.Release|Any CPU.ActiveCfg = Release|Any CPU
		{041C9917-4521-40F8-83D0-C818601B12FA}.Release|Any CPU.Build.0 = Release|Any CPU
	EndGlobalSection
	GlobalSection(SolutionProperties) = preSolution
		HideSolutionNode = FALSE
	EndGlobalSection
	GlobalSection(ExtensibilityGlobals) = postSolution
		SolutionGuid = {D9FE560E-6096-44C4-8B6D-9E24A159EE4E}
	EndGlobalSection
EndGlobal
